
Microsoft Visual Studio Solution File, Format Version 12.00
# Visual Studio 2012
Project("{FAE04EC0-301F-11D3-BF4B-00C04F79EFBC}") = "Mais", "Mais\Mais.csproj", "{FB4C1C37-1DDD-44D8-899B-16DB3D08F11F}"
EndProject
Project("{FAE04EC0-301F-11D3-BF4B-00C04F79EFBC}") = "Mais.iOS", "iOS\Mais.iOS.csproj", "{CFDD8F17-0DDB-469C-8EAA-5C9E6125AFE0}"
EndProject
Project("{FAE04EC0-301F-11D3-BF4B-00C04F79EFBC}") = "Mais.Droid", "Droid\Mais.Droid.csproj", "{6D88F1E0-DA53-4161-B5CD-1F7D7B93E093}"
EndProject
Project("{FAE04EC0-301F-11D3-BF4B-00C04F79EFBC}") = "Mais.UITests", "UITests\Mais.UITests.csproj", "{BF36D8FA-B04F-4AF1-B518-A9FB216E0AEC}"
EndProject
Global
	GlobalSection(SolutionConfigurationPlatforms) = preSolution
		Debug|Any CPU = Debug|Any CPU
		Release|Any CPU = Release|Any CPU
		Debug|iPhoneSimulator = Debug|iPhoneSimulator
		Release|iPhone = Release|iPhone
		Release|iPhoneSimulator = Release|iPhoneSimulator
		Debug|iPhone = Debug|iPhone
	EndGlobalSection
	GlobalSection(ProjectConfigurationPlatforms) = postSolution
		{6D88F1E0-DA53-4161-B5CD-1F7D7B93E093}.Debug|Any CPU.ActiveCfg = Debug|Any CPU
		{6D88F1E0-DA53-4161-B5CD-1F7D7B93E093}.Debug|Any CPU.Build.0 = Debug|Any CPU
		{6D88F1E0-DA53-4161-B5CD-1F7D7B93E093}.Debug|iPhone.ActiveCfg = Debug|Any CPU
		{6D88F1E0-DA53-4161-B5CD-1F7D7B93E093}.Debug|iPhone.Build.0 = Debug|Any CPU
		{6D88F1E0-DA53-4161-B5CD-1F7D7B93E093}.Debug|iPhoneSimulator.ActiveCfg = Debug|Any CPU
		{6D88F1E0-DA53-4161-B5CD-1F7D7B93E093}.Debug|iPhoneSimulator.Build.0 = Debug|Any CPU
		{6D88F1E0-DA53-4161-B5CD-1F7D7B93E093}.Release|Any CPU.ActiveCfg = Release|Any CPU
		{6D88F1E0-DA53-4161-B5CD-1F7D7B93E093}.Release|Any CPU.Build.0 = Release|Any CPU
		{6D88F1E0-DA53-4161-B5CD-1F7D7B93E093}.Release|iPhone.ActiveCfg = Release|Any CPU
		{6D88F1E0-DA53-4161-B5CD-1F7D7B93E093}.Release|iPhone.Build.0 = Release|Any CPU
		{6D88F1E0-DA53-4161-B5CD-1F7D7B93E093}.Release|iPhoneSimulator.ActiveCfg = Release|Any CPU
		{6D88F1E0-DA53-4161-B5CD-1F7D7B93E093}.Release|iPhoneSimulator.Build.0 = Release|Any CPU
		{BF36D8FA-B04F-4AF1-B518-A9FB216E0AEC}.Debug|Any CPU.ActiveCfg = Debug|Any CPU
		{BF36D8FA-B04F-4AF1-B518-A9FB216E0AEC}.Debug|Any CPU.Build.0 = Debug|Any CPU
		{BF36D8FA-B04F-4AF1-B518-A9FB216E0AEC}.Debug|iPhone.ActiveCfg = Debug|Any CPU
		{BF36D8FA-B04F-4AF1-B518-A9FB216E0AEC}.Debug|iPhone.Build.0 = Debug|Any CPU
		{BF36D8FA-B04F-4AF1-B518-A9FB216E0AEC}.Debug|iPhoneSimulator.ActiveCfg = Debug|Any CPU
		{BF36D8FA-B04F-4AF1-B518-A9FB216E0AEC}.Debug|iPhoneSimulator.Build.0 = Debug|Any CPU
		{BF36D8FA-B04F-4AF1-B518-A9FB216E0AEC}.Release|Any CPU.ActiveCfg = Release|Any CPU
		{BF36D8FA-B04F-4AF1-B518-A9FB216E0AEC}.Release|Any CPU.Build.0 = Release|Any CPU
		{BF36D8FA-B04F-4AF1-B518-A9FB216E0AEC}.Release|iPhone.ActiveCfg = Release|Any CPU
		{BF36D8FA-B04F-4AF1-B518-A9FB216E0AEC}.Release|iPhone.Build.0 = Release|Any CPU
		{BF36D8FA-B04F-4AF1-B518-A9FB216E0AEC}.Release|iPhoneSimulator.ActiveCfg = Release|Any CPU
		{BF36D8FA-B04F-4AF1-B518-A9FB216E0AEC}.Release|iPhoneSimulator.Build.0 = Release|Any CPU
		{CFDD8F17-0DDB-469C-8EAA-5C9E6125AFE0}.Debug|Any CPU.ActiveCfg = Debug|iPhoneSimulator
		{CFDD8F17-0DDB-469C-8EAA-5C9E6125AFE0}.Debug|Any CPU.Build.0 = Debug|iPhoneSimulator
		{CFDD8F17-0DDB-469C-8EAA-5C9E6125AFE0}.Debug|iPhone.ActiveCfg = Debug|iPhone
		{CFDD8F17-0DDB-469C-8EAA-5C9E6125AFE0}.Debug|iPhone.Build.0 = Debug|iPhone
		{CFDD8F17-0DDB-469C-8EAA-5C9E6125AFE0}.Debug|iPhoneSimulator.ActiveCfg = Debug|iPhoneSimulator
		{CFDD8F17-0DDB-469C-8EAA-5C9E6125AFE0}.Debug|iPhoneSimulator.Build.0 = Debug|iPhoneSimulator
		{CFDD8F17-0DDB-469C-8EAA-5C9E6125AFE0}.Release|Any CPU.ActiveCfg = Release|iPhone
		{CFDD8F17-0DDB-469C-8EAA-5C9E6125AFE0}.Release|Any CPU.Build.0 = Release|iPhone
		{CFDD8F17-0DDB-469C-8EAA-5C9E6125AFE0}.Release|iPhone.ActiveCfg = Release|iPhone
		{CFDD8F17-0DDB-469C-8EAA-5C9E6125AFE0}.Release|iPhone.Build.0 = Release|iPhone
		{CFDD8F17-0DDB-469C-8EAA-5C9E6125AFE0}.Release|iPhoneSimulator.ActiveCfg = Release|iPhoneSimulator
		{CFDD8F17-0DDB-469C-8EAA-5C9E6125AFE0}.Release|iPhoneSimulator.Build.0 = Release|iPhoneSimulator
		{FB4C1C37-1DDD-44D8-899B-16DB3D08F11F}.Debug|Any CPU.ActiveCfg = Debug|Any CPU
		{FB4C1C37-1DDD-44D8-899B-16DB3D08F11F}.Debug|Any CPU.Build.0 = Debug|Any CPU
		{FB4C1C37-1DDD-44D8-899B-16DB3D08F11F}.Debug|iPhone.ActiveCfg = Debug|Any CPU
		{FB4C1C37-1DDD-44D8-899B-16DB3D08F11F}.Debug|iPhone.Build.0 = Debug|Any CPU
		{FB4C1C37-1DDD-44D8-899B-16DB3D08F11F}.Debug|iPhoneSimulator.ActiveCfg = Debug|Any CPU
		{FB4C1C37-1DDD-44D8-899B-16DB3D08F11F}.Debug|iPhoneSimulator.Build.0 = Debug|Any CPU
		{FB4C1C37-1DDD-44D8-899B-16DB3D08F11F}.Release|Any CPU.ActiveCfg = Release|Any CPU
		{FB4C1C37-1DDD-44D8-899B-16DB3D08F11F}.Release|Any CPU.Build.0 = Release|Any CPU
		{FB4C1C37-1DDD-44D8-899B-16DB3D08F11F}.Release|iPhone.ActiveCfg = Release|Any CPU
		{FB4C1C37-1DDD-44D8-899B-16DB3D08F11F}.Release|iPhone.Build.0 = Release|Any CPU
		{FB4C1C37-1DDD-44D8-899B-16DB3D08F11F}.Release|iPhoneSimulator.ActiveCfg = Release|Any CPU
		{FB4C1C37-1DDD-44D8-899B-16DB3D08F11F}.Release|iPhoneSimulator.Build.0 = Release|Any CPU
	EndGlobalSection
EndGlobal
