
Microsoft Visual Studio Solution File, Format Version 12.00
# Visual Studio 2012
Project("{FAE04EC0-301F-11D3-BF4B-00C04F79EFBC}") = "Mais", "Mais\Mais.csproj", "{FB4C1C37-1DDD-44D8-899B-16DB3D08F11F}"
EndProject
Project("{FAE04EC0-301F-11D3-BF4B-00C04F79EFBC}") = "Mais.iOS", "iOS\Mais.iOS.csproj", "{CFDD8F17-0DDB-469C-8EAA-5C9E6125AFE0}"
EndProject
Project("{FAE04EC0-301F-11D3-BF4B-00C04F79EFBC}") = "Mais.Droid", "Droid\Mais.Droid.csproj", "{6D88F1E0-DA53-4161-B5CD-1F7D7B93E093}"
EndProject
Project("{FAE04EC0-301F-11D3-BF4B-00C04F79EFBC}") = "Mais.UITests", "UITests\Mais.UITests.csproj", "{BF36D8FA-B04F-4AF1-B518-A9FB216E0AEC}"
EndProject
Project("{FAE04EC0-301F-11D3-BF4B-00C04F79EFBC}") = "PushwooshSDK", "Droid\PushwooshSDK\PushwooshSDK.csproj", "{0549FEEA-F489-40C9-8288-863FE9FA6EE7}"
EndProject
Global
	GlobalSection(SolutionConfigurationPlatforms) = preSolution
		Debug|Any CPU = Debug|Any CPU
		Release|Any CPU = Release|Any CPU
		Debug|iPhoneSimulator = Debug|iPhoneSimulator
		Release|iPhone = Release|iPhone
		Release|iPhoneSimulator = Release|iPhoneSimulator
		Debug|iPhone = Debug|iPhone
	EndGlobalSection
	GlobalSection(ProjectConfigurationPlatforms) = postSolution
		{0549FEEA-F489-40C9-8288-863FE9FA6EE7}.Debug|Any CPU.ActiveCfg = Debug|Any CPU
		{0549FEEA-F489-40C9-8288-863FE9FA6EE7}.Debug|Any CPU.Build.0 = Debug|Any CPU
		{0549FEEA-F489-40C9-8288-863FE9FA6EE7}.Debug|iPhone.ActiveCfg = Debug|Any CPU
		{0549FEEA-F489-40C9-8288-863FE9FA6EE7}.Debug|iPhone.Build.0 = Debug|Any CPU
		{0549FEEA-F489-40C9-8288-863FE9FA6EE7}.Debug|iPhoneSimulator.ActiveCfg = Debug|Any CPU
		{0549FEEA-F489-40C9-8288-863FE9FA6EE7}.Debug|iPhoneSimulator.Build.0 = Debug|Any CPU
		{0549FEEA-F489-40C9-8288-863FE9FA6EE7}.Release|Any CPU.ActiveCfg = Release|Any CPU
		{0549FEEA-F489-40C9-8288-863FE9FA6EE7}.Release|Any CPU.Build.0 = Release|Any CPU
		{0549FEEA-F489-40C9-8288-863FE9FA6EE7}.Release|iPhone.ActiveCfg = Release|Any CPU
		{0549FEEA-F489-40C9-8288-863FE9FA6EE7}.Release|iPhone.Build.0 = Release|Any CPU
		{0549FEEA-F489-40C9-8288-863FE9FA6EE7}.Release|iPhoneSimulator.ActiveCfg = Release|Any CPU
		{0549FEEA-F489-40C9-8288-863FE9FA6EE7}.Release|iPhoneSimulator.Build.0 = Release|Any CPU
		{6D88F1E0-DA53-4161-B5CD-1F7D7B93E093}.Debug|Any CPU.ActiveCfg = Debug|Any CPU
		{6D88F1E0-DA53-4161-B5CD-1F7D7B93E093}.Debug|Any CPU.Build.0 = Debug|Any CPU
		{6D88F1E0-DA53-4161-B5CD-1F7D7B93E093}.Release|Any CPU.ActiveCfg = Release|Any CPU
		{6D88F1E0-DA53-4161-B5CD-1F7D7B93E093}.Release|Any CPU.Build.0 = Release|Any CPU
		{6D88F1E0-DA53-4161-B5CD-1F7D7B93E093}.Release|iPhone.ActiveCfg = Debug|Any CPU
		{6D88F1E0-DA53-4161-B5CD-1F7D7B93E093}.Release|iPhone.Build.0 = Debug|Any CPU
		{CFDD8F17-0DDB-469C-8EAA-5C9E6125AFE0}.Debug|Any CPU.ActiveCfg = Debug|Any CPU
		{CFDD8F17-0DDB-469C-8EAA-5C9E6125AFE0}.Debug|Any CPU.Build.0 = Debug|Any CPU
		{CFDD8F17-0DDB-469C-8EAA-5C9E6125AFE0}.Debug|iPhoneSimulator.ActiveCfg = Debug|iPhoneSimulator
		{CFDD8F17-0DDB-469C-8EAA-5C9E6125AFE0}.Debug|iPhoneSimulator.Build.0 = Debug|iPhoneSimulator
		{CFDD8F17-0DDB-469C-8EAA-5C9E6125AFE0}.Release|Any CPU.ActiveCfg = Release|Any CPU
		{CFDD8F17-0DDB-469C-8EAA-5C9E6125AFE0}.Release|Any CPU.Build.0 = Release|Any CPU
		{CFDD8F17-0DDB-469C-8EAA-5C9E6125AFE0}.Release|iPhone.ActiveCfg = Release|iPhone
		{CFDD8F17-0DDB-469C-8EAA-5C9E6125AFE0}.Release|iPhone.Build.0 = Release|iPhone
		{FB4C1C37-1DDD-44D8-899B-16DB3D08F11F}.Debug|Any CPU.ActiveCfg = Debug|Any CPU
		{FB4C1C37-1DDD-44D8-899B-16DB3D08F11F}.Debug|Any CPU.Build.0 = Debug|Any CPU
		{FB4C1C37-1DDD-44D8-899B-16DB3D08F11F}.Release|Any CPU.ActiveCfg = Release|Any CPU
		{FB4C1C37-1DDD-44D8-899B-16DB3D08F11F}.Release|Any CPU.Build.0 = Release|Any CPU
		{FB4C1C37-1DDD-44D8-899B-16DB3D08F11F}.Release|iPhone.ActiveCfg = Debug|Any CPU
		{FB4C1C37-1DDD-44D8-899B-16DB3D08F11F}.Release|iPhone.Build.0 = Debug|Any CPU
		{4DDBC33F-8307-4908-86EB-CF9BC3BBD248}.Debug|Any CPU.ActiveCfg = Debug|Any CPU
		{4DDBC33F-8307-4908-86EB-CF9BC3BBD248}.Debug|Any CPU.Build.0 = Debug|Any CPU
		{4DDBC33F-8307-4908-86EB-CF9BC3BBD248}.Debug|iPhone.ActiveCfg = Debug|Any CPU
		{4DDBC33F-8307-4908-86EB-CF9BC3BBD248}.Debug|iPhone.Build.0 = Debug|Any CPU
		{4DDBC33F-8307-4908-86EB-CF9BC3BBD248}.Debug|iPhoneSimulator.ActiveCfg = Debug|Any CPU
		{4DDBC33F-8307-4908-86EB-CF9BC3BBD248}.Debug|iPhoneSimulator.Build.0 = Debug|Any CPU
		{4DDBC33F-8307-4908-86EB-CF9BC3BBD248}.Release|Any CPU.ActiveCfg = Release|Any CPU
		{4DDBC33F-8307-4908-86EB-CF9BC3BBD248}.Release|Any CPU.Build.0 = Release|Any CPU
		{4DDBC33F-8307-4908-86EB-CF9BC3BBD248}.Release|iPhone.ActiveCfg = Release|Any CPU
		{4DDBC33F-8307-4908-86EB-CF9BC3BBD248}.Release|iPhone.Build.0 = Release|Any CPU
		{4DDBC33F-8307-4908-86EB-CF9BC3BBD248}.Release|iPhoneSimulator.ActiveCfg = Release|Any CPU
		{4DDBC33F-8307-4908-86EB-CF9BC3BBD248}.Release|iPhoneSimulator.Build.0 = Release|Any CPU
		{561290C2-AEC1-4EB1-B9A5-D3BE33C7DF55}.Debug|Any CPU.ActiveCfg = Debug|iPhoneSimulator
		{561290C2-AEC1-4EB1-B9A5-D3BE33C7DF55}.Debug|Any CPU.Build.0 = Debug|iPhoneSimulator
		{561290C2-AEC1-4EB1-B9A5-D3BE33C7DF55}.Debug|iPhone.ActiveCfg = Debug|iPhone
		{561290C2-AEC1-4EB1-B9A5-D3BE33C7DF55}.Debug|iPhone.Build.0 = Debug|iPhone
		{561290C2-AEC1-4EB1-B9A5-D3BE33C7DF55}.Debug|iPhoneSimulator.ActiveCfg = Debug|iPhoneSimulator
		{561290C2-AEC1-4EB1-B9A5-D3BE33C7DF55}.Debug|iPhoneSimulator.Build.0 = Debug|iPhoneSimulator
		{561290C2-AEC1-4EB1-B9A5-D3BE33C7DF55}.Release|Any CPU.ActiveCfg = Release|iPhone
		{561290C2-AEC1-4EB1-B9A5-D3BE33C7DF55}.Release|Any CPU.Build.0 = Release|iPhone
		{561290C2-AEC1-4EB1-B9A5-D3BE33C7DF55}.Release|iPhone.ActiveCfg = Release|iPhone
		{561290C2-AEC1-4EB1-B9A5-D3BE33C7DF55}.Release|iPhone.Build.0 = Release|iPhone
		{561290C2-AEC1-4EB1-B9A5-D3BE33C7DF55}.Release|iPhoneSimulator.ActiveCfg = Release|iPhoneSimulator
		{561290C2-AEC1-4EB1-B9A5-D3BE33C7DF55}.Release|iPhoneSimulator.Build.0 = Release|iPhoneSimulator
		{76A1816B-D045-4F1F-B824-223AC7823622}.Debug|Any CPU.ActiveCfg = Debug|Any CPU
		{76A1816B-D045-4F1F-B824-223AC7823622}.Debug|Any CPU.Build.0 = Debug|Any CPU
		{76A1816B-D045-4F1F-B824-223AC7823622}.Debug|iPhone.ActiveCfg = Debug|Any CPU
		{76A1816B-D045-4F1F-B824-223AC7823622}.Debug|iPhone.Build.0 = Debug|Any CPU
		{76A1816B-D045-4F1F-B824-223AC7823622}.Debug|iPhoneSimulator.ActiveCfg = Debug|Any CPU
		{76A1816B-D045-4F1F-B824-223AC7823622}.Debug|iPhoneSimulator.Build.0 = Debug|Any CPU
		{76A1816B-D045-4F1F-B824-223AC7823622}.Release|Any CPU.ActiveCfg = Release|Any CPU
		{76A1816B-D045-4F1F-B824-223AC7823622}.Release|Any CPU.Build.0 = Release|Any CPU
		{76A1816B-D045-4F1F-B824-223AC7823622}.Release|iPhone.ActiveCfg = Release|Any CPU
		{76A1816B-D045-4F1F-B824-223AC7823622}.Release|iPhone.Build.0 = Release|Any CPU
		{76A1816B-D045-4F1F-B824-223AC7823622}.Release|iPhoneSimulator.ActiveCfg = Release|Any CPU
		{76A1816B-D045-4F1F-B824-223AC7823622}.Release|iPhoneSimulator.Build.0 = Release|Any CPU
		{CE89949A-F3AC-4ECE-9207-66C83B63094B}.Debug|Any CPU.ActiveCfg = Debug|Any CPU
		{CE89949A-F3AC-4ECE-9207-66C83B63094B}.Debug|Any CPU.Build.0 = Debug|Any CPU
		{CE89949A-F3AC-4ECE-9207-66C83B63094B}.Debug|iPhone.ActiveCfg = Debug|Any CPU
		{CE89949A-F3AC-4ECE-9207-66C83B63094B}.Debug|iPhone.Build.0 = Debug|Any CPU
		{CE89949A-F3AC-4ECE-9207-66C83B63094B}.Debug|iPhoneSimulator.ActiveCfg = Debug|Any CPU
		{CE89949A-F3AC-4ECE-9207-66C83B63094B}.Debug|iPhoneSimulator.Build.0 = Debug|Any CPU
		{CE89949A-F3AC-4ECE-9207-66C83B63094B}.Release|Any CPU.ActiveCfg = Release|Any CPU
		{CE89949A-F3AC-4ECE-9207-66C83B63094B}.Release|Any CPU.Build.0 = Release|Any CPU
		{CE89949A-F3AC-4ECE-9207-66C83B63094B}.Release|iPhone.ActiveCfg = Release|Any CPU
		{CE89949A-F3AC-4ECE-9207-66C83B63094B}.Release|iPhone.Build.0 = Release|Any CPU
		{CE89949A-F3AC-4ECE-9207-66C83B63094B}.Release|iPhoneSimulator.ActiveCfg = Release|Any CPU
		{CE89949A-F3AC-4ECE-9207-66C83B63094B}.Release|iPhoneSimulator.Build.0 = Release|Any CPU
	EndGlobalSection
EndGlobal
